
Microsoft Visual Studio Solution File, Format Version 12.00
# Visual Studio Version 17
VisualStudioVersion = 17.2.32602.215
MinimumVisualStudioVersion = 10.0.40219.1
Project("{FAE04EC0-301F-11D3-BF4B-00C04F79EFBC}") = "URLShortenerBACK", "URLShortenerBACK.csproj", "{BE2025AC-46F2-4DBB-913C-F27EADB9BB89}"
EndProject
Global
	GlobalSection(SolutionConfigurationPlatforms) = preSolution
		Debug|Any CPU = Debug|Any CPU
		Release|Any CPU = Release|Any CPU
	EndGlobalSection
	GlobalSection(ProjectConfigurationPlatforms) = postSolution
		{BE2025AC-46F2-4DBB-913C-F27EADB9BB89}.Debug|Any CPU.ActiveCfg = Debug|Any CPU
		{BE2025AC-46F2-4DBB-913C-F27EADB9BB89}.Debug|Any CPU.Build.0 = Debug|Any CPU
		{BE2025AC-46F2-4DBB-913C-F27EADB9BB89}.Release|Any CPU.ActiveCfg = Release|Any CPU
		{BE2025AC-46F2-4DBB-913C-F27EADB9BB89}.Release|Any CPU.Build.0 = Release|Any CPU
	EndGlobalSection
	GlobalSection(SolutionProperties) = preSolution
		HideSolutionNode = FALSE
	EndGlobalSection
	GlobalSection(ExtensibilityGlobals) = postSolution
		SolutionGuid = {8A03CFF1-9CF0-4BB0-B416-BB70D240379A}
	EndGlobalSection
EndGlobal
